
Microsoft Visual Studio Solution File, Format Version 12.00
# Visual Studio Version 16
VisualStudioVersion = 16.0.31025.218
MinimumVisualStudioVersion = 10.0.40219.1
Project("{FAE04EC0-301F-11D3-BF4B-00C04F79EFBC}") = "IronMountains2.2", "IronMountains2.2\IronMountains2.2.csproj", "{181182A8-15CF-497F-9586-9DAACF0CECCC}"
EndProject
Global
	GlobalSection(SolutionConfigurationPlatforms) = preSolution
		Debug|Any CPU = Debug|Any CPU
		Release|Any CPU = Release|Any CPU
	EndGlobalSection
	GlobalSection(ProjectConfigurationPlatforms) = postSolution
		{181182A8-15CF-497F-9586-9DAACF0CECCC}.Debug|Any CPU.ActiveCfg = Debug|Any CPU
		{181182A8-15CF-497F-9586-9DAACF0CECCC}.Debug|Any CPU.Build.0 = Debug|Any CPU
		{181182A8-15CF-497F-9586-9DAACF0CECCC}.Release|Any CPU.ActiveCfg = Release|Any CPU
		{181182A8-15CF-497F-9586-9DAACF0CECCC}.Release|Any CPU.Build.0 = Release|Any CPU
	EndGlobalSection
	GlobalSection(SolutionProperties) = preSolution
		HideSolutionNode = FALSE
	EndGlobalSection
	GlobalSection(ExtensibilityGlobals) = postSolution
		SolutionGuid = {A23BA1E8-2DB2-4F3E-AD00-842E44C9B7F5}
	EndGlobalSection
EndGlobal
